
Microsoft Visual Studio Solution File, Format Version 12.00
# Visual Studio 15
VisualStudioVersion = 15.0.28307.136
MinimumVisualStudioVersion = 10.0.40219.1
Project("{FAE04EC0-301F-11D3-BF4B-00C04F79EFBC}") = "WpfUI", "WpfUI\WpfUI.csproj", "{8E37050D-1FDF-479C-83B9-0308A8E61CAF}"
EndProject
Global
	GlobalSection(SolutionConfigurationPlatforms) = preSolution
		Debug|Any CPU = Debug|Any CPU
		Release|Any CPU = Release|Any CPU
	EndGlobalSection
	GlobalSection(ProjectConfigurationPlatforms) = postSolution
		{8E37050D-1FDF-479C-83B9-0308A8E61CAF}.Debug|Any CPU.ActiveCfg = Debug|Any CPU
		{8E37050D-1FDF-479C-83B9-0308A8E61CAF}.Debug|Any CPU.Build.0 = Debug|Any CPU
		{8E37050D-1FDF-479C-83B9-0308A8E61CAF}.Release|Any CPU.ActiveCfg = Release|Any CPU
		{8E37050D-1FDF-479C-83B9-0308A8E61CAF}.Release|Any CPU.Build.0 = Release|Any CPU
	EndGlobalSection
	GlobalSection(SolutionProperties) = preSolution
		HideSolutionNode = FALSE
	EndGlobalSection
	GlobalSection(ExtensibilityGlobals) = postSolution
		SolutionGuid = {99BB4CEB-174C-4EFF-9E32-E670D42C7516}
	EndGlobalSection
EndGlobal
